{
  "nodes": {
    "flake-compat": {
      "flake": false,
      "locked": {
        "lastModified": 1696426674,
        "narHash": "sha256-kvjfFW7WAETZlt09AgDn1MrtKzP7t90Vf7vypd3OL1U=",
        "owner": "edolstra",
        "repo": "flake-compat",
        "rev": "0f9255e01c2351cc7d116c072cb317785dd33b33",
        "type": "github"
      },
      "original": {
        "owner": "edolstra",
        "repo": "flake-compat",
        "type": "github"
      }
    },
    "flake-parts": {
      "inputs": {
        "nixpkgs-lib": "nixpkgs-lib"
      },
      "locked": {
        "lastModified": 1730504689,
        "narHash": "sha256-hgmguH29K2fvs9szpq2r3pz2/8cJd2LPS+b4tfNFCwE=",
        "owner": "hercules-ci",
        "repo": "flake-parts",
        "rev": "506278e768c2a08bec68eb62932193e341f55c90",
        "type": "github"
      },
      "original": {
        "owner": "hercules-ci",
        "repo": "flake-parts",
        "type": "github"
      }
    },
    "home-manager": {
      "inputs": {
        "nixpkgs": [
          "nixpkgs"
        ]
      },
      "locked": {
        "lastModified": 1741128660,
        "narHash": "sha256-GWaZ+KGxWYbOB15CSqktwngq0ccA1l2Ov3aUfl9jeY4=",
        "owner": "nix-community",
        "repo": "home-manager",
        "rev": "b1b964ea9348aef08cab514fa88e9c99def6fd63",
        "type": "github"
      },
      "original": {
        "owner": "nix-community",
        "repo": "home-manager",
        "type": "github"
      }
    },
    "lem": {
      "inputs": {
        "flake-compat": "flake-compat",
        "flake-parts": "flake-parts",
        "nixpkgs": [
          "nixpkgs"
        ]
      },
      "locked": {
        "lastModified": 1740639879,
        "narHash": "sha256-1IzCQwXr36AluC88wVAqTuXapWv3145bqPZhJ5D2tvA=",
        "owner": "lem-project",
        "repo": "lem",
        "rev": "311138dc369fde16b2f13b04ae9416598c9a6c20",
        "type": "github"
      },
      "original": {
        "owner": "lem-project",
        "repo": "lem",
        "type": "github"
      }
    },
    "nixpkgs": {
      "locked": {
        "lastModified": 1741010256,
        "narHash": "sha256-WZNlK/KX7Sni0RyqLSqLPbK8k08Kq7H7RijPJbq9KHM=",
        "owner": "NixOS",
        "repo": "nixpkgs",
        "rev": "ba487dbc9d04e0634c64e3b1f0d25839a0a68246",
        "type": "github"
      },
      "original": {
        "owner": "NixOS",
        "ref": "nixos-unstable",
        "repo": "nixpkgs",
        "type": "github"
      }
    },
    "nixpkgs-lib": {
      "locked": {
        "lastModified": 1730504152,
        "narHash": "sha256-lXvH/vOfb4aGYyvFmZK/HlsNsr/0CVWlwYvo2rxJk3s=",
        "type": "tarball",
        "url": "https://github.com/NixOS/nixpkgs/archive/cc2f28000298e1269cea6612cd06ec9979dd5d7f.tar.gz"
      },
      "original": {
        "type": "tarball",
        "url": "https://github.com/NixOS/nixpkgs/archive/cc2f28000298e1269cea6612cd06ec9979dd5d7f.tar.gz"
      }
    },
    "pinned-pkgs": {
      "locked": {
        "lastModified": 1739446958,
        "narHash": "sha256-+/bYK3DbPxMIvSL4zArkMX0LQvS7rzBKXnDXLfKyRVc=",
        "owner": "NixOS",
        "repo": "nixpkgs",
        "rev": "2ff53fe64443980e139eaa286017f53f88336dd0",
        "type": "github"
      },
      "original": {
        "owner": "NixOS",
        "repo": "nixpkgs",
        "rev": "2ff53fe64443980e139eaa286017f53f88336dd0",
        "type": "github"
      }
    },
    "root": {
      "inputs": {
        "home-manager": "home-manager",
        "lem": "lem",
        "nixpkgs": "nixpkgs",
        "pinned-pkgs": "pinned-pkgs"
      }
    }
  },
  "root": "root",
  "version": 7
}
